NeoBundleLock vimux 50254fad43fde3ccae067e49dda28dcfee44eeac
NeoBundleLock vim-easy-align 2595ebf9333f3598502276b29f78ad39965bc595
NeoBundleLock gist-vim d609d93472db9cf45bd701bebe51adc356631547
NeoBundleLock tagbar 64e935fe5812d3b7022aba1dee63ec9f7456b02f
NeoBundleLock nerdcommenter 6549cfde45339bd4f711504196ff3e8b766ef5e6
NeoBundleLock vim-addon-mw-utils 0c5612fa31ee434ba055e21c76f456244b3b5109
NeoBundleLock tabular 60f25648814f0695eeb6c1040d97adca93c4e0bb
NeoBundleLock mru 7fd297116ae2959ec7e6c0683dbe72ef5511c3be
NeoBundleLock vim-surround fa433e0b7330753688f715f3be5d10dc480f20e5
NeoBundleLock ack.vim 303bceff1c8ab1145d114083582b1aeac9de7a85
NeoBundleLock rainbow 1c99db6c74243c695d1679d9db34403dc11f22e9
NeoBundleLock vim-signature f012d6f4d288ef6006f61b06f5240bc461a1f89e
NeoBundleLock vim-fugitive 0374322ba5d85ae44dd9dc44ef31ca015a59097e
NeoBundleLock dragvisuals.vim 1627e723eb2f6852050f921491d19040c73522b3
NeoBundleLock powerline 39dda39bdc4e323631634e78941fa96c4cc10dff
NeoBundleLock Mark--Karkat 982daeb4fd43ec7590d3698ee3b879a0c532b107
NeoBundleLock goyo.vim 8b74a603e56d58b8dd3caef77609a63f838cd110
NeoBundleLock nerdtree 4f1e6ecb057fc0bac189171c1430d71ef25f6bb1
NeoBundleLock vim-geeknote c892e29f88525b8f413d1574e0fb73eca29ce075
NeoBundleLock vim-snipmate e6eb057a58e2fe98137997157d0eff9d1a975888
NeoBundleLock vim-autoclose a9a3b7384657bc1f60a963fd6c08c63fc48d61c3
NeoBundleLock vim-quickhl 1b51860e0d6e6735872f2fdff0b9e7abaf35fb65
NeoBundleLock webapi-vim a7789abffe936db56e3152e23733847f94755753
NeoBundleLock tlib_vim 344a6d3d5cad0c2c6b922194b853ea28d1eef597
NeoBundleLock vim-snippets a7231e85657ff272bf6ee82842685d182471b138
NeoBundleLock jedi-vim 21efb8a0e838b6dad410cc50d619404f81768f2e
NeoBundleLock neobundle.vim 14eca907757e83c52713966037799509b9afaf39
NeoBundleLock vim-airline 246c217562dfd8541ee0d64600a628daa4195dd2
NeoBundleLock glowshi-ft.vim f64d531d2068bd56173b064301d1f80f5517ee5b
